# Generated by pub
# See https://dart.dev/tools/pub/glossary#lockfile
packages:
  args:
    dependency: transitive
    description:
      name: args
      sha256: "0bd9a99b6eb96f07af141f0eb53eace8983e8e5aa5de59777aca31684680ef22"
      url: "https://pub.dev"
    source: hosted
    version: "2.3.0"
  async:
    dependency: transitive
    description:
      name: async
      sha256: "947bfcf187f74dbc5e146c9eb9c0f10c9f8b30743e341481c1e2ed3ecc18c20c"
      url: "https://pub.dev"
    source: hosted
    version: "2.11.0"
  audioplayers:
    dependency: "direct main"
    description:
      name: audioplayers
      sha256: a565e7e3e8a21a823b8cd7fed0bde1eb3796a96b373374be557adecfb511fa6b
      url: "https://pub.dev"
    source: hosted
    version: "0.20.1"
  background_locator:
    dependency: "direct main"
    description:
      name: background_locator
      sha256: "58d1681644d9f1794078ba52d99ce32eed0b712aeed5f23b08b5963ba2b0077d"
      url: "https://pub.dev"
    source: hosted
    version: "1.6.6"
  battery_plus:
    dependency: "direct main"
    description:
      name: battery_plus
      sha256: "69f8c85cd5f32d32fcd42b409f029b2ea18b7d7e606f87b7c73fc3f9987e62b0"
      url: "https://pub.dev"
    source: hosted
    version: "2.1.4"
  battery_plus_linux:
    dependency: transitive
    description:
      name: battery_plus_linux
      sha256: c96efc32ed745d35691295a216952dcdedd9c00a85b1f9b23ca4543316dcd1fe
      url: "https://pub.dev"
    source: hosted
    version: "1.1.1"
  battery_plus_macos:
    dependency: transitive
    description:
      name: battery_plus_macos
      sha256: "0607bcb26efb56eeb419df2f919ac30f1590c06027bdf7aed366dbb3d1bae485"
      url: "https://pub.dev"
    source: hosted
    version: "1.1.1"
  battery_plus_platform_interface:
    dependency: transitive
    description:
      name: battery_plus_platform_interface
      sha256: d52d16cbc62fc007052f8685e94d332397ad0897cf43937fc5c1c1ed37664578
      url: "https://pub.dev"
    source: hosted
    version: "1.2.1"
  battery_plus_web:
    dependency: transitive
    description:
      name: battery_plus_web
      sha256: "8bfa1ac36f8cdb07d64f60a342f986312036bfd910838c35d21dd786af13808b"
      url: "https://pub.dev"
    source: hosted
    version: "1.1.0"
  battery_plus_windows:
    dependency: transitive
    description:
      name: battery_plus_windows
      sha256: f37effd656ab894eaacd66ef10bd078bcdd833336c79cd38ec5df1666091ee05
      url: "https://pub.dev"
    source: hosted
    version: "1.1.2"
  boolean_selector:
    dependency: transitive
    description:
      name: boolean_selector
      sha256: "6cfb5af12253eaf2b368f07bacc5a80d1301a071c73360d746b7f2e32d762c66"
      url: "https://pub.dev"
    source: hosted
    version: "2.1.1"
  bot_toast:
    dependency: "direct main"
    description:
      name: bot_toast
      sha256: "1a432d6e4bad2282615403134708b232ef68ae99b0b3d8604fca85699a75b4b5"
      url: "https://pub.dev"
    source: hosted
    version: "4.0.1"
  cached_network_image:
    dependency: "direct main"
    description:
      name: cached_network_image
      sha256: "91b01b2f54922423fa06dce455e0cd8fa46c551d01503162e067f84bab505e32"
      url: "https://pub.dev"
    source: hosted
    version: "3.2.0"
  cached_network_image_platform_interface:
    dependency: transitive
    description:
      name: cached_network_image_platform_interface
      sha256: "8e2b5befefec5063bee8f209fda21751f6328d405d4237c70f21104568b2fee7"
      url: "https://pub.dev"
    source: hosted
    version: "1.0.0"
  cached_network_image_web:
    dependency: transitive
    description:
      name: cached_network_image_web
      sha256: d4351c7eb16767df129b0474a5ebc4e028870379c063e8ba265a56aa00831e70
      url: "https://pub.dev"
    source: hosted
    version: "1.0.1"
  carousel_slider:
    dependency: "direct main"
    description:
      name: carousel_slider
      sha256: "5a1c1dd80ce7cbd69752fb283635b67b934528c87a031ac91646c0a9ba767705"
      url: "https://pub.dev"
    source: hosted
    version: "4.0.0"
  characters:
    dependency: transitive
    description:
      name: characters
      sha256: "04a925763edad70e8443c99234dc3328f442e811f1d8fd1a72f1c8ad0f69a605"
      url: "https://pub.dev"
    source: hosted
    version: "1.3.0"
  charcode:
    dependency: transitive
    description:
      name: charcode
      sha256: fb98c0f6d12c920a02ee2d998da788bca066ca5f148492b7085ee23372b12306
      url: "https://pub.dev"
    source: hosted
    version: "1.3.1"
  clock:
    dependency: transitive
    description:
      name: clock
      sha256: cb6d7f03e1de671e34607e909a7213e31d7752be4fb66a86d29fe1eb14bfb5cf
      url: "https://pub.dev"
    source: hosted
    version: "1.1.1"
  cloud_firestore:
    dependency: "direct main"
    description:
      name: cloud_firestore
      sha256: "55cf2f03822ffc0e8bc442f6de8937674b5905b7df62e581694f3c6e906a02a1"
      url: "https://pub.dev"
    source: hosted
    version: "3.3.0"
  cloud_firestore_platform_interface:
    dependency: transitive
    description:
      name: cloud_firestore_platform_interface
      sha256: b4ab4e7213113976d07a22979c4a99a285e92862ebfa84646cd89c9cbdbec897
      url: "https://pub.dev"
    source: hosted
    version: "5.6.0"
  cloud_firestore_web:
    dependency: transitive
    description:
      name: cloud_firestore_web
      sha256: "6c9e6e929281d2cb10f696d926154ff1eefbfe180ad5fe8fd37dbb246fbab8a2"
      url: "https://pub.dev"
    source: hosted
    version: "2.7.0"
  collection:
    dependency: transitive
    description:
      name: collection
      sha256: ee67cb0715911d28db6bf4af1026078bd6f0128b07a5f66fb2ed94ec6783c09a
      url: "https://pub.dev"
    source: hosted
    version: "1.18.0"
  connectivity_plus:
    dependency: "direct main"
    description:
      name: connectivity_plus
      sha256: adf46fa15d02b505d9c606274f9da0cce50e858c2c76dd7fe10342a27a60328c
      url: "https://pub.dev"
    source: hosted
    version: "2.2.1"
  connectivity_plus_linux:
    dependency: transitive
    description:
      name: connectivity_plus_linux
      sha256: "51b973f7c39e4cc742b45ba53ab8322940f5487a5a837fffe0697098bc02479a"
      url: "https://pub.dev"
    source: hosted
    version: "1.3.0"
  connectivity_plus_macos:
    dependency: transitive
    description:
      name: connectivity_plus_macos
      sha256: "80c93c81e6af5d6678aa585ebbeb039d6c8af28806895166f87efe1123019553"
      url: "https://pub.dev"
    source: hosted
    version: "1.2.1"
  connectivity_plus_platform_interface:
    dependency: transitive
    description:
      name: connectivity_plus_platform_interface
      sha256: "533aee290f4a0d22832ecedf03cfdc90866090218accf194d9cf2266037b6b31"
      url: "https://pub.dev"
    source: hosted
    version: "1.2.0"
  connectivity_plus_web:
    dependency: transitive
    description:
      name: connectivity_plus_web
      sha256: "7bb2182b98928d153c775ecf592044254d97bbfdbd2e677d713098c39effc87a"
      url: "https://pub.dev"
    source: hosted
    version: "1.2.0"
  connectivity_plus_windows:
    dependency: transitive
    description:
      name: connectivity_plus_windows
      sha256: "729882a35e0ee74516a8ea7a373c013070d25ec4674b73670cf9facc1f4b9586"
      url: "https://pub.dev"
    source: hosted
    version: "1.2.0"
  cross_file:
    dependency: transitive
    description:
      name: cross_file
      sha256: "437b2b8da454fe1e01131f4410274fd607347325e9330f0b469ed5a204991068"
      url: "https://pub.dev"
    source: hosted
    version: "0.3.1+4"
  crypto:
    dependency: transitive
    description:
      name: crypto
      sha256: cf75650c66c0316274e21d7c43d3dea246273af5955bd94e8184837cd577575c
      url: "https://pub.dev"
    source: hosted
    version: "3.0.1"
  csslib:
    dependency: transitive
    description:
      name: csslib
      sha256: d1cd6d6e4b39a4ad295204722b8608f19981677b223f3e942c0b5a33dcf57ec0
      url: "https://pub.dev"
    source: hosted
    version: "0.17.1"
  dbus:
    dependency: transitive
    description:
      name: dbus
      sha256: a019f1cb3d28c1601f6e368fe751c9f72617e49f45591bc383fb6870d8efc987
      url: "https://pub.dev"
    source: hosted
    version: "0.7.1"
  device_info_plus:
    dependency: "direct main"
    description:
      name: device_info_plus
      sha256: "79439ccee1641b9cbb95dd0a6b3fb478eab63aab05700249d371626ec6c1810f"
      url: "https://pub.dev"
    source: hosted
    version: "4.0.0"
  device_info_plus_linux:
    dependency: transitive
    description:
      name: device_info_plus_linux
      sha256: e4eb5db4704f5534e872148a21cfcd39581022b63df556da6720d88f7c9f91a9
      url: "https://pub.dev"
    source: hosted
    version: "2.1.1"
  device_info_plus_macos:
    dependency: transitive
    description:
      name: device_info_plus_macos
      sha256: "38871fd2ad31871399d8307630c9f4eb5941dd2c643ee221c44d58de95d367a1"
      url: "https://pub.dev"
    source: hosted
    version: "2.2.3"
  device_info_plus_platform_interface:
    dependency: transitive
    description:
      name: device_info_plus_platform_interface
      sha256: "7b2519986b1d805c0d123fcfb42a1be73f9ec2f04f45b15e693b2cb355305b86"
      url: "https://pub.dev"
    source: hosted
    version: "2.3.0+1"
  device_info_plus_web:
    dependency: transitive
    description:
      name: device_info_plus_web
      sha256: "38715ad1ef3bee8915dd7bee08a9ac9ab54472a8df425c887062a3046209f663"
      url: "https://pub.dev"
    source: hosted
    version: "2.1.0"
  device_info_plus_windows:
    dependency: transitive
    description:
      name: device_info_plus_windows
      sha256: "8fb1403fc94636d6ab48aeebb5f9379f2ca51cde3b337167ec6f39db09234492"
      url: "https://pub.dev"
    source: hosted
    version: "2.1.1"
  dio:
    dependency: "direct main"
    description:
      name: dio
      sha256: bf173c8bc66b776e3c2892b6ac56ac1a5ad73d21dd06d337f9fe656f63612947
      url: "https://pub.dev"
    source: hosted
    version: "4.0.0"
  dio_firebase_performance:
    dependency: "direct main"
    description:
      name: dio_firebase_performance
      sha256: "53de47d7dde8ff58d3445c2ff154d7b03ee14d454d9264e6a684ac7b1adc8db6"
      url: "https://pub.dev"
    source: hosted
    version: "0.3.1-dev.3"
  edge_alerts:
    dependency: "direct main"
    description:
      name: edge_alerts
      sha256: fac1c1f9109592cae9c0635fbbe9a060e75f54d80fdad5dc21494555fc0c84b2
      url: "https://pub.dev"
    source: hosted
    version: "0.0.1"
  eventify:
    dependency: transitive
    description:
      name: eventify
      sha256: "8071b611f06212df489ded214ba5b043d27d0f78e71c775edbdae0f967e7f071"
      url: "https://pub.dev"
    source: hosted
    version: "1.0.0"
  fake_async:
    dependency: transitive
    description:
      name: fake_async
      sha256: "511392330127add0b769b75a987850d136345d9227c6b94c96a04cf4a391bf78"
      url: "https://pub.dev"
    source: hosted
    version: "1.3.1"
  ffi:
    dependency: transitive
    description:
      name: ffi
      sha256: "35d0f481d939de0d640b3db9a7aa36a52cd22054a798a73b4f50bdad5ce12678"
      url: "https://pub.dev"
    source: hosted
    version: "1.1.2"
  file:
    dependency: transitive
    description:
      name: file
      sha256: b69516f2c26a5bcac4eee2e32512e1a5205ab312b3536c1c1227b2b942b5f9ad
      url: "https://pub.dev"
    source: hosted
    version: "6.1.2"
  file_picker:
    dependency: "direct main"
    description:
      name: file_picker
      sha256: "9f3d5e09c7a1fa199fea7c96c0ab959e9641b41dfd1a61a47a4eaa9e993a725c"
      url: "https://pub.dev"
    source: hosted
    version: "4.0.2"
  firebase:
    dependency: transitive
    description:
      name: firebase
      sha256: cbff777369d19bd0535ccca0005518172953394246620ff8c1021072299d452d
      url: "https://pub.dev"
    source: hosted
    version: "9.0.3"
  firebase_core:
    dependency: "direct main"
    description:
      name: firebase_core
      sha256: "0fee351c61e92d932cb3a8fb36b7927df947a1c4df7f00b6ce34f58b69104170"
      url: "https://pub.dev"
    source: hosted
    version: "1.19.2"
  firebase_core_platform_interface:
    dependency: transitive
    description:
      name: firebase_core_platform_interface
      sha256: "195560eedebc480157aa60fc75d1a81e881a5c417482387ff60be2ca4a2fe645"
      url: "https://pub.dev"
    source: hosted
    version: "4.4.3"
  firebase_core_web:
    dependency: transitive
    description:
      name: firebase_core_web
      sha256: "69a95a15d0452aff672214993323a7a472cbac93fe51d60f3612e26de7e75869"
      url: "https://pub.dev"
    source: hosted
    version: "1.7.0"
  firebase_crashlytics:
    dependency: "direct main"
    description:
      name: firebase_crashlytics
      sha256: "454defa289bc6d0ffeda123b4bc84aa73cc29d373317416cadca1434ff4d26bb"
      url: "https://pub.dev"
    source: hosted
    version: "2.8.5"
  firebase_crashlytics_platform_interface:
    dependency: transitive
    description:
      name: firebase_crashlytics_platform_interface
      sha256: "6db08f7dfb92becf7e0419408701b8a0f80f9bf10a843fd0293f90cf49070d60"
      url: "https://pub.dev"
    source: hosted
    version: "3.2.11"
  firebase_messaging:
    dependency: "direct main"
    description:
      name: firebase_messaging
      sha256: "0f88daa537bc49e1901ae0adb08a46c670a9c5b1de3d168f288d3b6f5a5a44e2"
      url: "https://pub.dev"
    source: hosted
    version: "12.0.0"
  firebase_messaging_platform_interface:
    dependency: transitive
    description:
      name: firebase_messaging_platform_interface
      sha256: "0b40e21cd53eb94a05b74310b1c70093abb7fe1495e777b079267ae68707feec"
      url: "https://pub.dev"
    source: hosted
    version: "4.0.0"
  firebase_messaging_web:
    dependency: transitive
    description:
      name: firebase_messaging_web
      sha256: "431de6414e3449d32905c572d291d4e04bade6e15a2bafb57540a4697fd576e9"
      url: "https://pub.dev"
    source: hosted
    version: "3.0.0"
  firebase_performance:
    dependency: transitive
    description:
      name: firebase_performance
      sha256: b545c3a3d8ea019e98b8ec6140fd52bd95193b6cb8e5d523447d86ae25f85602
      url: "https://pub.dev"
    source: hosted
    version: "0.7.1+1"
  firebase_performance_platform_interface:
    dependency: transitive
    description:
      name: firebase_performance_platform_interface
      sha256: "52ff8a668e8241d43dce7080ee77e5e9c2eb934c21575f2d7931165fc6949051"
      url: "https://pub.dev"
    source: hosted
    version: "0.0.1+3"
  firebase_performance_web:
    dependency: transitive
    description:
      name: firebase_performance_web
      sha256: e3647a0c37d5375cc26f4c97bc64aeb0b67e1cf07b31b3787bc15cd8b0a69053
      url: "https://pub.dev"
    source: hosted
    version: "0.0.1+1"
  flutter:
    dependency: "direct main"
    description: flutter
    source: sdk
    version: "0.0.0"
  flutter_blurhash:
    dependency: transitive
    description:
      name: flutter_blurhash
      sha256: "05001537bd3fac7644fa6558b09ec8c0a3f2eba78c0765f88912882b1331a5c6"
      url: "https://pub.dev"
    source: hosted
    version: "0.7.0"
  flutter_cache_manager:
    dependency: transitive
    description:
      name: flutter_cache_manager
      sha256: "32cd900555219333326a2d0653aaaf8671264c29befa65bbd9856d204a4c9fb3"
      url: "https://pub.dev"
    source: hosted
    version: "3.3.0"
  flutter_image_compress:
    dependency: "direct main"
    description:
      name: flutter_image_compress
      sha256: "8de83154d83b00100e53ea7a9d8e9326a985fc8d3894abf0193eb71f2268a70c"
      url: "https://pub.dev"
    source: hosted
    version: "1.1.0"
  flutter_local_notifications:
    dependency: "direct main"
    description:
      name: flutter_local_notifications
      sha256: bb962bd4cca75452fe81c6c4e36642ac7b2131abbe4de416def12b763670d406
      url: "https://pub.dev"
    source: hosted
    version: "8.2.0"
  flutter_local_notifications_platform_interface:
    dependency: transitive
    description:
      name: flutter_local_notifications_platform_interface
      sha256: "7744aad0b3637e6004929efe9ac2dfd3b878f4cecebfb1e9c2dfea5ac7d5c2e7"
      url: "https://pub.dev"
    source: hosted
    version: "4.0.1"
  flutter_phone_direct_caller:
    dependency: "direct main"
    description:
      path: "."
      ref: HEAD
      resolved-ref: da44ed1d0b9a9c41458fcc3134ad1ec318f86c09
      url: "https://github.com/rahuldange09/flutter-phone-direct-caller"
    source: git
    version: "2.0.0"
  flutter_plugin_android_lifecycle:
    dependency: transitive
    description:
      name: flutter_plugin_android_lifecycle
      sha256: "5c574d21b98ec92adab05ead10afd2b13ff5856c7ca79696edb338a9dd8ed387"
      url: "https://pub.dev"
    source: hosted
    version: "2.0.5"
  flutter_polyline_points:
    dependency: "direct main"
    description:
      name: flutter_polyline_points
      sha256: "02699e69142f51a248d784b6e3eec524194467fca5f7c4da19699ce2368b6980"
      url: "https://pub.dev"
    source: hosted
    version: "1.0.0"
  flutter_riverpod:
    dependency: "direct main"
    description:
      name: flutter_riverpod
      sha256: "2885685ad4ff8c62e84b6295cc13c24c733164006edd2b4ac1204beec0e35e54"
      url: "https://pub.dev"
    source: hosted
    version: "0.14.0+3"
  flutter_screenutil:
    dependency: "direct main"
    description:
      name: flutter_screenutil
      sha256: "8bc686a9e4db21d7e2c8a1761073f6dee088f3d8284a3ad812825bb398ae85a6"
      url: "https://pub.dev"
    source: hosted
    version: "5.5.3+2"
  flutter_svg:
    dependency: "direct main"
    description:
      name: flutter_svg
      sha256: c9bb2757b8a0bbf8e45f4069a90d2b9dbafc80b1a5e28d43e29088be533e6df4
      url: "https://pub.dev"
    source: hosted
    version: "1.0.3"
  flutter_test:
    dependency: "direct dev"
    description: flutter
    source: sdk
    version: "0.0.0"
  flutter_web_plugins:
    dependency: transitive
    description: flutter
    source: sdk
    version: "0.0.0"
  fluttertoast:
    dependency: transitive
    description:
      name: fluttertoast
      sha256: b3ae793108ad2a7e8f2fea91ca5bb2ba7ef03621c4d9ed7a92fe3391da64c000
      url: "https://pub.dev"
    source: hosted
    version: "8.0.8"
  freezed_annotation:
    dependency: transitive
    description:
      name: freezed_annotation
      sha256: "70776c4541e5cacfe45bcaf00fe79137b8c61aa34fb5765a05ce6c57fd72c6e9"
      url: "https://pub.dev"
    source: hosted
    version: "0.14.3"
  freshchat_sdk:
    dependency: "direct main"
    description:
      name: freshchat_sdk
      sha256: "0bc72421fd3fde537fb07a42113238a71a8d39cc36e5e4139ddb409a0d35a982"
      url: "https://pub.dev"
    source: hosted
    version: "0.9.7"
  geocoding:
    dependency: "direct main"
    description:
      name: geocoding
      sha256: "26218460a902d4249b81e6baf9d55ce400fd1ebe6fc0a7e92b2c12b0b8e1e14e"
      url: "https://pub.dev"
    source: hosted
    version: "2.0.5"
  geocoding_platform_interface:
    dependency: transitive
    description:
      name: geocoding_platform_interface
      sha256: "8848605d307d844d89937cdb4b8ad7dfa880552078f310fa24d8a460f6dddab4"
      url: "https://pub.dev"
    source: hosted
    version: "2.0.1"
  geolocator:
    dependency: "direct main"
    description:
      name: geolocator
      sha256: "99a2619b35270c6aff22c3f03b94ecc05438693ab829fa2f40e8ea6cdf96e18f"
      url: "https://pub.dev"
    source: hosted
    version: "7.6.0"
  geolocator_android:
    dependency: transitive
    description:
      name: geolocator_android
      sha256: dde5cd786a66f29ee74abe60095b4fe99735faa52926dcac1246747a7533cf6b
      url: "https://pub.dev"
    source: hosted
    version: "1.0.2"
  geolocator_apple:
    dependency: transitive
    description:
      name: geolocator_apple
      sha256: "1e8e398cc92151d946a4bbd34e2075885333e42d35ca33e418e7ce7b0a29991e"
      url: "https://pub.dev"
    source: hosted
    version: "1.2.2"
  geolocator_platform_interface:
    dependency: transitive
    description:
      name: geolocator_platform_interface
      sha256: "9d6f34a8a4b704d504f34acc5e52d880a7d2caedd99739902d6319179b0336d4"
      url: "https://pub.dev"
    source: hosted
    version: "2.3.6"
  geolocator_web:
    dependency: transitive
    description:
      name: geolocator_web
      sha256: ce51420145d016ed51b46acefc44499a0cb376078b0f02fb0ca5eaef70d74dc5
      url: "https://pub.dev"
    source: hosted
    version: "2.0.3"
  get:
    dependency: "direct main"
    description:
      name: get
      sha256: "34cd0cfbbb76e3aa3f9d582b467a5d326235dd7a57276b6d8b5ead51cf51a256"
      url: "https://pub.dev"
    source: hosted
    version: "4.6.1"
  google_fonts:
    dependency: "direct main"
    description:
      name: google_fonts
      sha256: e18dd7a6349a35b8f39198df32aac6837c64b1fbc2ec7500a6277051164ba78e
      url: "https://pub.dev"
    source: hosted
    version: "2.3.0"
  google_maps_flutter:
    dependency: "direct main"
    description:
      name: google_maps_flutter
      sha256: c95632e5c4b5a7a1b124fc622abcbac93e2858f087f6dfbfbd303fbfb3bdeec6
      url: "https://pub.dev"
    source: hosted
    version: "2.1.6"
  google_maps_flutter_platform_interface:
    dependency: transitive
    description:
      name: google_maps_flutter_platform_interface
      sha256: "0f14c7153e5df0517c274d2d67178ffc312c4f38fa1c56d27d676ffa4cc016d0"
      url: "https://pub.dev"
    source: hosted
    version: "2.1.7"
  html:
    dependency: transitive
    description:
      name: html
      sha256: bfef906cbd4e78ef49ae511d9074aebd1d2251482ef601a280973e8b58b51bbf
      url: "https://pub.dev"
    source: hosted
    version: "0.15.0"
  http:
    dependency: transitive
    description:
      name: http
      sha256: b6f1f143a71e1fe1b34670f1acd6f13960ade2557c96b87e127e0cf661969791
      url: "https://pub.dev"
    source: hosted
    version: "0.13.3"
  http_parser:
    dependency: transitive
    description:
      name: http_parser
      sha256: e362d639ba3bc07d5a71faebb98cde68c05bfbcfbbb444b60b6f60bb67719185
      url: "https://pub.dev"
    source: hosted
    version: "4.0.0"
  image_picker:
    dependency: "direct main"
    description:
      name: image_picker
      sha256: c0fea91596f806d9e86cbe668ffe96374c5673ab1c0d1a5c830e29ab3cec7de0
      url: "https://pub.dev"
    source: hosted
    version: "0.8.4"
  image_picker_for_web:
    dependency: transitive
    description:
      name: image_picker_for_web
      sha256: "8c3ea4a41dc8fe161845a490b5d1b29b73a81f5dd694cbc28b469daf175fe4cd"
      url: "https://pub.dev"
    source: hosted
    version: "2.1.2"
  image_picker_platform_interface:
    dependency: transitive
    description:
      name: image_picker_platform_interface
      sha256: "81956f2a97834d8ea7591a38e7d275a4ee736691e8359ab085f0512b6685c256"
      url: "https://pub.dev"
    source: hosted
    version: "2.3.0"
  imei_plugin:
    dependency: "direct main"
    description:
      path: "."
      ref: HEAD
      resolved-ref: "8cac23ecbe446ce21803491ebb094d9c4d5da9e1"
      url: "https://github.com/kevincaicedo/imei_plugin"
    source: git
    version: "2.0.0"
  intl:
    dependency: "direct main"
    description:
      name: intl
      sha256: "910f85bce16fb5c6f614e117efa303e85a1731bb0081edf3604a2ae6e9a3cc91"
      url: "https://pub.dev"
    source: hosted
    version: "0.17.0"
  js:
    dependency: transitive
    description:
      name: js
      sha256: "5528c2f391ededb7775ec1daa69e65a2d61276f7552de2b5f7b8d34ee9fd4ab7"
      url: "https://pub.dev"
    source: hosted
    version: "0.6.5"
  json_annotation:
    dependency: transitive
    description:
      name: json_annotation
      sha256: "2639efc0237c7b71c6584696c0847ea4e4733ddaf571ae9c79d5295e8ae17272"
      url: "https://pub.dev"
    source: hosted
    version: "4.4.0"
  lint:
    dependency: "direct main"
    description:
      name: lint
      sha256: "5715d702a2c3b493e09ed9e223625f0fc1f75e04167e338133a4cef28b868c1f"
      url: "https://pub.dev"
    source: hosted
    version: "1.8.2"
  loadmore:
    dependency: "direct main"
    description:
      name: loadmore
      sha256: "5d1fba6b2d2a31a6359fb6260d4d853c3903a0de327ca08651fd93a44c78f61e"
      url: "https://pub.dev"
    source: hosted
    version: "2.0.1"
  location:
    dependency: "direct main"
    description:
      name: location
      sha256: "95f1fa3fafe7a09ba3b19565857ee2fdf465f319873389b37c4a729981e820c7"
      url: "https://pub.dev"
    source: hosted
    version: "4.3.0"
  location_platform_interface:
    dependency: transitive
    description:
      name: location_platform_interface
      sha256: "62eeaf1658e92e4459b727f55a3c328eccbac8ba043fa6d262ac5286ad48384c"
      url: "https://pub.dev"
    source: hosted
    version: "2.3.0"
  location_web:
    dependency: transitive
    description:
      name: location_web
      sha256: "6c08c408a040534c0269c4ff9fe17eebb5a36dea16512fbaf116b9c8bc21545b"
      url: "https://pub.dev"
    source: hosted
    version: "3.1.1"
  matcher:
    dependency: transitive
    description:
      name: matcher
      sha256: "1803e76e6653768d64ed8ff2e1e67bea3ad4b923eb5c56a295c3e634bad5960e"
      url: "https://pub.dev"
    source: hosted
    version: "0.12.16"
  material_color_utilities:
    dependency: transitive
    description:
      name: material_color_utilities
      sha256: "9528f2f296073ff54cb9fee677df673ace1218163c3bc7628093e7eed5203d41"
      url: "https://pub.dev"
    source: hosted
    version: "0.5.0"
  meta:
    dependency: transitive
    description:
      name: meta
      sha256: a6e590c838b18133bb482a2745ad77c5bb7715fb0451209e1a7567d416678b8e
      url: "https://pub.dev"
    source: hosted
    version: "1.10.0"
  nm:
    dependency: transitive
    description:
      name: nm
      sha256: "2c9aae4127bdc8993206464fcc063611e0e36e72018696cd9631023a31b24254"
      url: "https://pub.dev"
    source: hosted
    version: "0.5.0"
  octo_image:
    dependency: transitive
    description:
      name: octo_image
      sha256: "107f3ed1330006a3bea63615e81cf637433f5135a52466c7caa0e7152bca9143"
      url: "https://pub.dev"
    source: hosted
    version: "1.0.2"
  package_info:
    dependency: "direct main"
    description:
      name: package_info
      sha256: "6c07d9d82c69e16afeeeeb6866fe43985a20b3b50df243091bfc4a4ad2b03b75"
      url: "https://pub.dev"
    source: hosted
    version: "2.0.2"
  package_info_plus:
    dependency: transitive
    description:
      name: package_info_plus
      sha256: a6b2c5903c111bcfbfd1d2aa25976ffc187f7ca877f8d537a630a9f52960700c
      url: "https://pub.dev"
    source: hosted
    version: "1.0.5"
  package_info_plus_linux:
    dependency: transitive
    description:
      name: package_info_plus_linux
      sha256: "85fea809a9a42aeec26fc499f83a2690954e20d5904075368cb78240a9be8602"
      url: "https://pub.dev"
    source: hosted
    version: "1.0.3"
  package_info_plus_macos:
    dependency: transitive
    description:
      name: package_info_plus_macos
      sha256: "831edac872fc392efd8e60781ccf0f7d89193fb9006c17ec93cf515556ddc249"
      url: "https://pub.dev"
    source: hosted
    version: "1.1.1"
  package_info_plus_platform_interface:
    dependency: transitive
    description:
      name: package_info_plus_platform_interface
      sha256: f7a0c8f1e7e981bc65f8b64137a53fd3c195b18d429fba960babc59a5a1c7ae8
      url: "https://pub.dev"
    source: hosted
    version: "1.0.2"
  package_info_plus_web:
    dependency: transitive
    description:
      name: package_info_plus_web
      sha256: a4c07b163d8c817a34672ea8641b4384e8f7e6652c80fd8fb83e47c52a3a0133
      url: "https://pub.dev"
    source: hosted
    version: "1.0.3"
  package_info_plus_windows:
    dependency: transitive
    description:
      name: package_info_plus_windows
      sha256: "4238fab825c71fcfc1bce5816a07c1c38975a6beb21e8ab0464e302c3cc974b7"
      url: "https://pub.dev"
    source: hosted
    version: "1.0.3"
  path:
    dependency: transitive
    description:
      name: path
      sha256: "8829d8a55c13fc0e37127c29fedf290c102f4e40ae94ada574091fe0ff96c917"
      url: "https://pub.dev"
    source: hosted
    version: "1.8.3"
  path_drawing:
    dependency: transitive
    description:
      name: path_drawing
      sha256: a19347362f85a45aadf6bdfa3c04f18ff6676c445375eecd6251f9e09b9db551
      url: "https://pub.dev"
    source: hosted
    version: "1.0.0"
  path_parsing:
    dependency: transitive
    description:
      name: path_parsing
      sha256: "9508ebdf1c3ac3a68ad5fb15edab8b026382999f18f77352349e56fbd74183ac"
      url: "https://pub.dev"
    source: hosted
    version: "1.0.0"
  path_provider:
    dependency: "direct main"
    description:
      name: path_provider
      sha256: "101e72444682f6ed3886a5b6af5434e4946c25de0d0a254f81e99b7f15578bba"
      url: "https://pub.dev"
    source: hosted
    version: "2.0.3"
  path_provider_linux:
    dependency: transitive
    description:
      name: path_provider_linux
      sha256: "938d2b6591587bcb009d2109a6ea464fd8fb2a75dc6423171b0d0afb1d27c708"
      url: "https://pub.dev"
    source: hosted
    version: "2.0.0"
  path_provider_macos:
    dependency: transitive
    description:
      name: path_provider_macos
      sha256: eb58b896ea3a504f0b0fa7870646bda6935a6f752b2a54df33f97070dacca8d4
      url: "https://pub.dev"
    source: hosted
    version: "2.0.0"
  path_provider_platform_interface:
    dependency: transitive
    description:
      name: path_provider_platform_interface
      sha256: c2af5a8a6369992d915f8933dfc23172071001359d17896e83db8be57db8a397
      url: "https://pub.dev"
    source: hosted
    version: "2.0.1"
  path_provider_windows:
    dependency: transitive
    description:
      name: path_provider_windows
      sha256: "366ad4e3541ea707f859e7148d4d5aba67d589d7936cee04a05c464a277eeb27"
      url: "https://pub.dev"
    source: hosted
    version: "2.0.5"
  pedantic:
    dependency: transitive
    description:
      name: pedantic
      sha256: "67fc27ed9639506c856c840ccce7594d0bdcd91bc8d53d6e52359449a1d50602"
      url: "https://pub.dev"
    source: hosted
    version: "1.11.1"
  permission_handler:
    dependency: "direct main"
    description:
      name: permission_handler
      sha256: "807decc36e5ffeac0f9f79c2f56b2a0e1a164996e6b1808031e2bf148cbd8d8d"
      url: "https://pub.dev"
    source: hosted
    version: "8.1.6"
  permission_handler_platform_interface:
    dependency: transitive
    description:
      name: permission_handler_platform_interface
      sha256: ca16451bfdc6d26693d10b37b2d81370bdf3f0318422f3eecfd6004f5bd7d21f
      url: "https://pub.dev"
    source: hosted
    version: "3.7.0"
  petitparser:
    dependency: transitive
    description:
      name: petitparser
      sha256: "1a914995d4ef10c94ff183528c120d35ed43b5eaa8713fc6766a9be4570782e2"
      url: "https://pub.dev"
    source: hosted
    version: "4.4.0"
  pin_code_fields:
    dependency: "direct main"
    description:
      name: pin_code_fields
      sha256: c54d2016f77447990b8b2116a02f7eb445bda297d43bc7277f86a496a5ec58fe
      url: "https://pub.dev"
    source: hosted
    version: "7.3.0"
  pin_input_text_field:
    dependency: transitive
    description:
      name: pin_input_text_field
      sha256: "5e2c1598779ab035aad1a18c4bb7c789140e7b2b3b31d9ad0fda89be6d50985d"
      url: "https://pub.dev"
    source: hosted
    version: "4.1.1"
  platform:
    dependency: "direct main"
    description:
      name: platform
      sha256: "4a451831508d7d6ca779f7ac6e212b4023dd5a7d08a27a63da33756410e32b76"
      url: "https://pub.dev"
    source: hosted
    version: "3.1.0"
  plugin_platform_interface:
    dependency: transitive
    description:
      name: plugin_platform_interface
      sha256: "075f927ebbab4262ace8d0b283929ac5410c0ac4e7fc123c76429564facfb757"
      url: "https://pub.dev"
    source: hosted
    version: "2.1.2"
  process:
    dependency: transitive
    description:
      name: process
      sha256: dc3c073b5bc0db4e0f3dbc6b69f8e9cf2f336dafb3db996242ebdacf94c295dd
      url: "https://pub.dev"
    source: hosted
    version: "4.2.1"
  pull_to_refresh:
    dependency: "direct main"
    description:
      name: pull_to_refresh
      sha256: bbadd5a931837b57739cf08736bea63167e284e71fb23b218c8c9a6e042aad12
      url: "https://pub.dev"
    source: hosted
    version: "2.0.0"
  qr_code_scanner:
    dependency: "direct main"
    description:
      name: qr_code_scanner
      sha256: "492b83b5b985166fbfa73ebe7b200c8ab6bae81dbaebca2104128d3f1f850460"
      url: "https://pub.dev"
    source: hosted
    version: "0.6.0"
  razorpay_flutter:
    dependency: "direct main"
    description:
      name: razorpay_flutter
      sha256: c0f7d8da423c812c41529c2716f141ec634dbccd9a15fc0036e0cff0b241701b
      url: "https://pub.dev"
    source: hosted
    version: "1.2.9"
  restart_app:
    dependency: "direct main"
    description:
      name: restart_app
      sha256: "9ca1bb3590a410778c95324576443ceefb5ce7971ddc2d4c1412f6d6b62351fd"
      url: "https://pub.dev"
    source: hosted
    version: "1.0.3"
  riverpod:
    dependency: transitive
    description:
      name: riverpod
      sha256: "13cbe0e17b659f38027986df967b3eaf7f42c519786352167fc3db1be44eae07"
      url: "https://pub.dev"
    source: hosted
    version: "0.14.0+3"
  rxdart:
    dependency: transitive
    description:
      name: rxdart
      sha256: "933db29250b286ecfe08a552f991f0e9f245f3f8ba1e5fb37f2f55d1f82888cb"
      url: "https://pub.dev"
    source: hosted
    version: "0.27.4"
  sentry:
    dependency: transitive
    description:
      name: sentry
      sha256: "86ca439c9fff11d5b495fa170c3558de34820ff98a536b2300231d0e1a36768e"
      url: "https://pub.dev"
    source: hosted
    version: "6.3.0"
  sentry_flutter:
    dependency: "direct main"
    description:
      name: sentry_flutter
      sha256: "5fb74c762f9a628254818e44a93ee4e1b73df8059a04f85df5b85634d265c822"
      url: "https://pub.dev"
    source: hosted
    version: "6.0.0"
  shared_preferences:
    dependency: "direct main"
    description:
      name: shared_preferences
      sha256: b1313a5f4497d9eaa30cffc6e809c34886d12f4226afe54a71d7991b5998a526
      url: "https://pub.dev"
    source: hosted
    version: "2.0.8"
  shared_preferences_linux:
    dependency: transitive
    description:
      name: shared_preferences_linux
      sha256: ac361c65c4cf342dfc0a8b9e45eab66b9b3ad6eaff9785850d4ec0cf6b474422
      url: "https://pub.dev"
    source: hosted
    version: "2.1.0"
  shared_preferences_macos:
    dependency: transitive
    description:
      name: shared_preferences_macos
      sha256: f063907c3f678de8daa033d234b7c9e420df5fe3d499a97bfb82cc30cf171496
      url: "https://pub.dev"
    source: hosted
    version: "2.0.3"
  shared_preferences_platform_interface:
    dependency: transitive
    description:
      name: shared_preferences_platform_interface
      sha256: "992f0fdc46d0a3c0ac2e5859f2de0e577bbe51f78a77ee8f357cbe626a2ad32d"
      url: "https://pub.dev"
    source: hosted
    version: "2.0.0"
  shared_preferences_web:
    dependency: transitive
    description:
      name: shared_preferences_web
      sha256: "09da0185028a227d51721cade7a3cbd5cc5f163a19593266f2acba87f729bf9c"
      url: "https://pub.dev"
    source: hosted
    version: "2.0.3"
  shared_preferences_windows:
    dependency: transitive
    description:
      name: shared_preferences_windows
      sha256: ae68cf0df0910e38c95522dbd8a6082ce9715053c369750c5709d17de81d032e
      url: "https://pub.dev"
    source: hosted
    version: "2.1.0"
  simple_gesture_detector:
    dependency: transitive
    description:
      name: simple_gesture_detector
      sha256: "86d08f85f1f58583b7b4b941d989f48ea6ce08c1724a1d10954a277c2ec36592"
      url: "https://pub.dev"
    source: hosted
    version: "0.2.0"
  sky_engine:
    dependency: transitive
    description: flutter
    source: sdk
    version: "0.0.99"
  smooth_page_indicator:
    dependency: "direct main"
    description:
      name: smooth_page_indicator
      sha256: "49e9b6a265790454c39bd4a447a02f398c02b44b2602e7c5e3a381dc2e3b4102"
      url: "https://pub.dev"
    source: hosted
    version: "1.0.0+2"
  sms_autofill:
    dependency: "direct main"
    description:
      name: sms_autofill
      sha256: aa42425e85cbc3011916e548a68271016490c6020be64f41c467679d617b4f69
      url: "https://pub.dev"
    source: hosted
    version: "2.0.1"
  source_span:
    dependency: transitive
    description:
      name: source_span
      sha256: "53e943d4206a5e30df338fd4c6e7a077e02254531b138a15aec3bd143c1a8b3c"
      url: "https://pub.dev"
    source: hosted
    version: "1.10.0"
  sqflite:
    dependency: transitive
    description:
      name: sqflite
      sha256: f83e4c46d693b02436348a3a8693fa0fa50b0d98eeb55afc7579b70b0d8967f6
      url: "https://pub.dev"
    source: hosted
    version: "2.0.2"
  sqflite_common:
    dependency: transitive
    description:
      name: sqflite_common
      sha256: c65f003175e4d0559af8180000eec451479b1017bd6c7a7d446c9ae3fecbea0a
      url: "https://pub.dev"
    source: hosted
    version: "2.2.0"
  stack_trace:
    dependency: transitive
    description:
      name: stack_trace
      sha256: "73713990125a6d93122541237550ee3352a2d84baad52d375a4cad2eb9b7ce0b"
      url: "https://pub.dev"
    source: hosted
    version: "1.11.1"
  state_notifier:
    dependency: transitive
    description:
      name: state_notifier
      sha256: "8fe42610f179b843b12371e40db58c9444f8757f8b69d181c97e50787caed289"
      url: "https://pub.dev"
    source: hosted
    version: "0.7.2+1"
  stream_channel:
    dependency: transitive
    description:
      name: stream_channel
      sha256: ba2aa5d8cc609d96bbb2899c28934f9e1af5cddbd60a827822ea467161eb54e7
      url: "https://pub.dev"
    source: hosted
    version: "2.1.2"
  stream_transform:
    dependency: transitive
    description:
      name: stream_transform
      sha256: ed464977cb26a1f41537e177e190c67223dbd9f4f683489b6ab2e5d211ec564e
      url: "https://pub.dev"
    source: hosted
    version: "2.0.0"
  string_scanner:
    dependency: transitive
    description:
      name: string_scanner
      sha256: "556692adab6cfa87322a115640c11f13cb77b3f076ddcc5d6ae3c20242bedcde"
      url: "https://pub.dev"
    source: hosted
    version: "1.2.0"
  synchronized:
    dependency: transitive
    description:
      name: synchronized
      sha256: a7f0790927c0806ae0d5eb061c713748fa6070ef0037e391a2d53c3844c09dc2
      url: "https://pub.dev"
    source: hosted
    version: "3.0.0+2"
  table_calendar:
    dependency: "direct main"
    description:
      name: table_calendar
      sha256: "382f9f27c4d83240e9e70315a6e85e2136d95b4ab120926ed30c2670a0f41be6"
      url: "https://pub.dev"
    source: hosted
    version: "3.0.6"
  term_glyph:
    dependency: transitive
    description:
      name: term_glyph
      sha256: a29248a84fbb7c79282b40b8c72a1209db169a2e0542bce341da992fe1bc7e84
      url: "https://pub.dev"
    source: hosted
    version: "1.2.1"
  test_api:
    dependency: transitive
    description:
      name: test_api
      sha256: "5c2f730018264d276c20e4f1503fd1308dfbbae39ec8ee63c5236311ac06954b"
      url: "https://pub.dev"
    source: hosted
    version: "0.6.1"
  timelines:
    dependency: "direct main"
    description:
      name: timelines
      sha256: "40214f5ab772ff45459cb8c15e5f60505a6828af0c0eb1eec6f29ed911a4c1c5"
      url: "https://pub.dev"
    source: hosted
    version: "0.1.0"
  timezone:
    dependency: transitive
    description:
      name: timezone
      sha256: "57b35f6e8ef731f18529695bffc62f92c6189fac2e52c12d478dec1931afb66e"
      url: "https://pub.dev"
    source: hosted
    version: "0.8.0"
  typed_data:
    dependency: transitive
    description:
      name: typed_data
      sha256: "53bdf7e979cfbf3e28987552fd72f637e63f3c8724c9e56d9246942dc2fa36ee"
      url: "https://pub.dev"
    source: hosted
    version: "1.3.0"
  url_launcher:
    dependency: "direct main"
    description:
      name: url_launcher
      sha256: "39bc8e8eac3c79303c08daf0f0a433993ea02c3e5c42b032d1bb2851848bbe7b"
      url: "https://pub.dev"
    source: hosted
    version: "6.0.10"
  url_launcher_linux:
    dependency: transitive
    description:
      name: url_launcher_linux
      sha256: ae3c5ce30a1ba0a69c3f8803b23450703cf915575ad591857df98d9c15c11018
      url: "https://pub.dev"
    source: hosted
    version: "2.0.3"
  url_launcher_macos:
    dependency: transitive
    description:
      name: url_launcher_macos
      sha256: "8fd9ae3ab5e0f96cea7dd66c4ea65e39e3477067f4997c1ec8225d553e8bb8ea"
      url: "https://pub.dev"
    source: hosted
    version: "2.0.3"
  url_launcher_platform_interface:
    dependency: transitive
    description:
      name: url_launcher_platform_interface
      sha256: "1b9c4dab07794498b83b5f938e26b20f68c3b460a3015b0307f9541cb34ef93d"
      url: "https://pub.dev"
    source: hosted
    version: "2.0.5"
  url_launcher_web:
    dependency: transitive
    description:
      name: url_launcher_web
      sha256: "88de707cba8e0c1c678ed79274298c4737f7f24addd12e786fbf0597de085850"
      url: "https://pub.dev"
    source: hosted
    version: "2.0.6"
  url_launcher_windows:
    dependency: transitive
    description:
      name: url_launcher_windows
      sha256: "4e24aac2a2960fb9a70a07992e1ba69cb99fbcee48fdf17abe280ce867bfcea2"
      url: "https://pub.dev"
    source: hosted
    version: "2.0.2"
  uuid:
    dependency: transitive
    description:
      name: uuid
      sha256: "00ba1241ff12e77d8059eeb1f102b35235df01661a6110afd165ab52a0fc7714"
      url: "https://pub.dev"
    source: hosted
    version: "3.0.5"
  vector_math:
    dependency: transitive
    description:
      name: vector_math
      sha256: "80b3257d1492ce4d091729e3a67a60407d227c27241d6927be0130c98e741803"
      url: "https://pub.dev"
    source: hosted
    version: "2.1.4"
  vibration:
    dependency: "direct main"
    description:
      name: vibration
      sha256: dc6a1adef9938c82c2c372812b733ceb987e03d325003e584895b256a6402d78
      url: "https://pub.dev"
    source: hosted
    version: "1.7.4-nullsafety.0"
  vibration_web:
    dependency: transitive
    description:
      name: vibration_web
      sha256: "36792101e9b75fbe95378f347f13f1c3a57175f594de71d8cb21cbfba7151b32"
      url: "https://pub.dev"
    source: hosted
    version: "1.6.3-nullsafety.0"
  video_player:
    dependency: "direct main"
    description:
      name: video_player
      sha256: "003597fa0fc0d9cdb32d76be7341163fc7ab5f4a82569c05cdc0ce622c56c385"
      url: "https://pub.dev"
    source: hosted
    version: "2.3.0"
  video_player_android:
    dependency: transitive
    description:
      name: video_player_android
      sha256: "6156475921835f61f548e55c2d6d9a200960de8e4ee6a79de88d07ce9c15cf4c"
      url: "https://pub.dev"
    source: hosted
    version: "2.3.2"
  video_player_avfoundation:
    dependency: transitive
    description:
      name: video_player_avfoundation
      sha256: d02369f0c9d0f5615a9c2d9a9502fa18765e467bd2cef94f552700b62768dee0
      url: "https://pub.dev"
    source: hosted
    version: "2.3.1"
  video_player_platform_interface:
    dependency: transitive
    description:
      name: video_player_platform_interface
      sha256: "70ed168346b552f7c366a3d739e114535db67bbb4b3920aab52016dc23838635"
      url: "https://pub.dev"
    source: hosted
    version: "5.1.1"
  video_player_web:
    dependency: transitive
    description:
      name: video_player_web
      sha256: "48de7d5ff19fb474082182c33704c0210c395521ff81e54fa255c7719056fc81"
      url: "https://pub.dev"
    source: hosted
    version: "2.0.7"
  web:
    dependency: transitive
    description:
      name: web
      sha256: afe077240a270dcfd2aafe77602b4113645af95d0ad31128cc02bce5ac5d5152
      url: "https://pub.dev"
    source: hosted
    version: "0.3.0"
  web_socket_channel:
    dependency: "direct main"
    description:
      name: web_socket_channel
      sha256: "0c2ada1b1aeb2ad031ca81872add6be049b8cb479262c6ad3c4b0f9c24eaab2f"
      url: "https://pub.dev"
    source: hosted
    version: "2.1.0"
  webview_flutter:
    dependency: "direct main"
    description:
      name: webview_flutter
      sha256: "9563cb6e54c06980586b80946e6d8b35287d18efc7b55c5bc2ca448688ec65b5"
      url: "https://pub.dev"
    source: hosted
    version: "3.0.0"
  webview_flutter_android:
    dependency: transitive
    description:
      name: webview_flutter_android
      sha256: "74df4f2310165977cbab22c05c5f5c98ce402de96069f53d80e72ecbd73ec3e0"
      url: "https://pub.dev"
    source: hosted
    version: "2.8.2"
  webview_flutter_platform_interface:
    dependency: transitive
    description:
      name: webview_flutter_platform_interface
      sha256: "2da815ee8c8618441b2d8dccd276f24a9a3ccf089445ad9e434d72289576125e"
      url: "https://pub.dev"
    source: hosted
    version: "1.8.0"
  webview_flutter_wkwebview:
    dependency: transitive
    description:
      name: webview_flutter_wkwebview
      sha256: "87c56a34f69867f3aaf0b66df5399a4fc18898b1df8c738b835e62b73059d66f"
      url: "https://pub.dev"
    source: hosted
    version: "2.7.1"
  win32:
    dependency: transitive
    description:
      name: win32
      sha256: c697d90956c327791956eccd34c67fd7ea4952c5561d7539c394c8a5cf9927fb
      url: "https://pub.dev"
    source: hosted
    version: "2.3.11"
  xdg_directories:
    dependency: transitive
    description:
      name: xdg_directories
      sha256: "060b6e1c891d956f72b5ac9463466c37cce3fa962a921532fc001e86fe93438e"
      url: "https://pub.dev"
    source: hosted
    version: "0.2.0+1"
  xml:
    dependency: transitive
    description:
      name: xml
      sha256: baa23bcba1ba4ce4b22c0c7a1d9c861e7015cb5169512676da0b85138e72840c
      url: "https://pub.dev"
    source: hosted
    version: "5.3.1"
sdks:
  dart: ">=3.2.0-194.0.dev <4.0.0"
  flutter: ">=2.8.0"
